
Microsoft Visual Studio Solution File, Format Version 12.00
# Visual Studio Version 16
VisualStudioVersion = 16.0.30621.155
MinimumVisualStudioVersion = 10.0.40219.1
Project("{9A19103F-16F7-4668-BE54-9A1E7A4F7556}") = "Blazor.Console", "Console.Extensions.Blazor\Blazor.Console.csproj", "{FE8E4793-A616-4599-9900-8EB839A0D251}"
EndProject
Project("{9A19103F-16F7-4668-BE54-9A1E7A4F7556}") = "Blazor.Console.Demo", "Demo\Console.Demo\Blazor.Console.Demo.csproj", "{B54977A2-C60E-425B-8BC5-B1AB17BCE07F}"
EndProject
Project("{9A19103F-16F7-4668-BE54-9A1E7A4F7556}") = "Wpf.Console", "Demo\Wpf.Console\Wpf.Console.csproj", "{158F8DED-9110-4CE1-81CE-035D1F6FEB8E}"
EndProject
Project("{9A19103F-16F7-4668-BE54-9A1E7A4F7556}") = "ConsoleApp1", "Demo\ConsoleApp1\ConsoleApp1.csproj", "{9D218F48-F234-4A09-9476-31D470E52F7C}"
EndProject
Project("{9A19103F-16F7-4668-BE54-9A1E7A4F7556}") = "Console.Extensions", "Console.Extensions\Console.Extensions.csproj", "{B2FC539E-D86F-4DFD-8522-9B3D4305F999}"
EndProject
Project("{2150E333-8FDC-42A3-9474-1A3956D46DE8}") = "Demo", "Demo", "{A4AA40BF-C73C-4C73-9B95-405A2DF587B7}"
EndProject
Global
	GlobalSection(SolutionConfigurationPlatforms) = preSolution
		Debug|Any CPU = Debug|Any CPU
		Release|Any CPU = Release|Any CPU
	EndGlobalSection
	GlobalSection(ProjectConfigurationPlatforms) = postSolution
		{FE8E4793-A616-4599-9900-8EB839A0D251}.Debug|Any CPU.ActiveCfg = Debug|Any CPU
		{FE8E4793-A616-4599-9900-8EB839A0D251}.Debug|Any CPU.Build.0 = Debug|Any CPU
		{FE8E4793-A616-4599-9900-8EB839A0D251}.Release|Any CPU.ActiveCfg = Release|Any CPU
		{FE8E4793-A616-4599-9900-8EB839A0D251}.Release|Any CPU.Build.0 = Release|Any CPU
		{B54977A2-C60E-425B-8BC5-B1AB17BCE07F}.Debug|Any CPU.ActiveCfg = Debug|Any CPU
		{B54977A2-C60E-425B-8BC5-B1AB17BCE07F}.Debug|Any CPU.Build.0 = Debug|Any CPU
		{B54977A2-C60E-425B-8BC5-B1AB17BCE07F}.Release|Any CPU.ActiveCfg = Release|Any CPU
		{B54977A2-C60E-425B-8BC5-B1AB17BCE07F}.Release|Any CPU.Build.0 = Release|Any CPU
		{158F8DED-9110-4CE1-81CE-035D1F6FEB8E}.Debug|Any CPU.ActiveCfg = Debug|Any CPU
		{158F8DED-9110-4CE1-81CE-035D1F6FEB8E}.Debug|Any CPU.Build.0 = Debug|Any CPU
		{158F8DED-9110-4CE1-81CE-035D1F6FEB8E}.Release|Any CPU.ActiveCfg = Release|Any CPU
		{158F8DED-9110-4CE1-81CE-035D1F6FEB8E}.Release|Any CPU.Build.0 = Release|Any CPU
		{9D218F48-F234-4A09-9476-31D470E52F7C}.Debug|Any CPU.ActiveCfg = Debug|Any CPU
		{9D218F48-F234-4A09-9476-31D470E52F7C}.Debug|Any CPU.Build.0 = Debug|Any CPU
		{9D218F48-F234-4A09-9476-31D470E52F7C}.Release|Any CPU.ActiveCfg = Release|Any CPU
		{9D218F48-F234-4A09-9476-31D470E52F7C}.Release|Any CPU.Build.0 = Release|Any CPU
		{B2FC539E-D86F-4DFD-8522-9B3D4305F999}.Debug|Any CPU.ActiveCfg = Debug|Any CPU
		{B2FC539E-D86F-4DFD-8522-9B3D4305F999}.Debug|Any CPU.Build.0 = Debug|Any CPU
		{B2FC539E-D86F-4DFD-8522-9B3D4305F999}.Release|Any CPU.ActiveCfg = Release|Any CPU
		{B2FC539E-D86F-4DFD-8522-9B3D4305F999}.Release|Any CPU.Build.0 = Release|Any CPU
	EndGlobalSection
	GlobalSection(SolutionProperties) = preSolution
		HideSolutionNode = FALSE
	EndGlobalSection
	GlobalSection(NestedProjects) = preSolution
		{B54977A2-C60E-425B-8BC5-B1AB17BCE07F} = {A4AA40BF-C73C-4C73-9B95-405A2DF587B7}
		{158F8DED-9110-4CE1-81CE-035D1F6FEB8E} = {A4AA40BF-C73C-4C73-9B95-405A2DF587B7}
		{9D218F48-F234-4A09-9476-31D470E52F7C} = {A4AA40BF-C73C-4C73-9B95-405A2DF587B7}
	EndGlobalSection
	GlobalSection(ExtensibilityGlobals) = postSolution
		SolutionGuid = {110C87E1-1532-40C2-BEBF-9B70E4C93F72}
	EndGlobalSection
EndGlobal
