
Microsoft Visual Studio Solution File, Format Version 12.00
# Visual Studio Version 16
VisualStudioVersion = 16.0.30621.155
MinimumVisualStudioVersion = 10.0.40219.1
Project("{9A19103F-16F7-4668-BE54-9A1E7A4F7556}") = "Blazor.Console", "Blazor.Console.csproj", "{7EAC4C4C-FAA1-4203-9FD7-C99856C28003}"
EndProject
Project("{9A19103F-16F7-4668-BE54-9A1E7A4F7556}") = "Blazor.Console.Demo", "..\Demo\Blazor.Console.Demo.csproj", "{E2C530A1-0064-40CA-B420-EC932C2B36AD}"
EndProject
Global
	GlobalSection(SolutionConfigurationPlatforms) = preSolution
		Debug|Any CPU = Debug|Any CPU
		Release|Any CPU = Release|Any CPU
	EndGlobalSection
	GlobalSection(ProjectConfigurationPlatforms) = postSolution
		{7EAC4C4C-FAA1-4203-9FD7-C99856C28003}.Debug|Any CPU.ActiveCfg = Debug|Any CPU
		{7EAC4C4C-FAA1-4203-9FD7-C99856C28003}.Debug|Any CPU.Build.0 = Debug|Any CPU
		{7EAC4C4C-FAA1-4203-9FD7-C99856C28003}.Release|Any CPU.ActiveCfg = Release|Any CPU
		{7EAC4C4C-FAA1-4203-9FD7-C99856C28003}.Release|Any CPU.Build.0 = Release|Any CPU
		{E2C530A1-0064-40CA-B420-EC932C2B36AD}.Debug|Any CPU.ActiveCfg = Debug|Any CPU
		{E2C530A1-0064-40CA-B420-EC932C2B36AD}.Debug|Any CPU.Build.0 = Debug|Any CPU
		{E2C530A1-0064-40CA-B420-EC932C2B36AD}.Release|Any CPU.ActiveCfg = Release|Any CPU
		{E2C530A1-0064-40CA-B420-EC932C2B36AD}.Release|Any CPU.Build.0 = Release|Any CPU
	EndGlobalSection
	GlobalSection(SolutionProperties) = preSolution
		HideSolutionNode = FALSE
	EndGlobalSection
	GlobalSection(ExtensibilityGlobals) = postSolution
		SolutionGuid = {110C87E1-1532-40C2-BEBF-9B70E4C93F72}
	EndGlobalSection
EndGlobal
